// !$*UTF8*$!
{
	archiveVersion = 1;
	classes = {
	};
	objectVersion = 46;
	objects = {

/* Begin PBXBuildFile section */
		21ADD62A195A78180003FBE8 /* Foundation.framework in Frameworks */ = {isa = PBXBuildFile; fileRef = 21ADD629195A78180003FBE8 /* Foundation.framework */; };
		21ADD62C195A78180003FBE8 /* CoreGraphics.framework in Frameworks */ = {isa = PBXBuildFile; fileRef = 21ADD62B195A78180003FBE8 /* CoreGraphics.framework */; };
		21ADD62E195A78180003FBE8 /* UIKit.framework in Frameworks */ = {isa = PBXBuildFile; fileRef = 21ADD62D195A78180003FBE8 /* UIKit.framework */; };
		21ADD634195A78180003FBE8 /* InfoPlist.strings in Resources */ = {isa = PBXBuildFile; fileRef = 21ADD632195A78180003FBE8 /* InfoPlist.strings */; };
		21ADD636195A78180003FBE8 /* main.m in Sources */ = {isa = PBXBuildFile; fileRef = 21ADD635195A78180003FBE8 /* main.m */; };
		21ADD63A195A78180003FBE8 /* testAppDelegate.m in Sources */ = {isa = PBXBuildFile; fileRef = 21ADD639195A78180003FBE8 /* testAppDelegate.m */; };
		21ADD63C195A78180003FBE8 /* Images.xcassets in Resources */ = {isa = PBXBuildFile; fileRef = 21ADD63B195A78180003FBE8 /* Images.xcassets */; };
		21ADD643195A78180003FBE8 /* XCTest.framework in Frameworks */ = {isa = PBXBuildFile; fileRef = 21ADD642195A78180003FBE8 /* XCTest.framework */; };
		21ADD644195A78180003FBE8 /* Foundation.framework in Frameworks */ = {isa = PBXBuildFile; fileRef = 21ADD629195A78180003FBE8 /* Foundation.framework */; };
		21ADD645195A78180003FBE8 /* UIKit.framework in Frameworks */ = {isa = PBXBuildFile; fileRef = 21ADD62D195A78180003FBE8 /* UIKit.framework */; };
		21ADD64D195A78180003FBE8 /* InfoPlist.strings in Resources */ = {isa = PBXBuildFile; fileRef = 21ADD64B195A78180003FBE8 /* InfoPlist.strings */; };
		21ADD64F195A78180003FBE8 /* LearningTests.m in Sources */ = {isa = PBXBuildFile; fileRef = 21ADD64E195A78180003FBE8 /* LearningTests.m */; };
		21ADD65B195A78340003FBE8 /* Exercise1ViewController.m in Sources */ = {isa = PBXBuildFile; fileRef = 21ADD659195A78340003FBE8 /* Exercise1ViewController.m */; };
		21ADD65C195A78340003FBE8 /* Exercise1ViewController.xib in Resources */ = {isa = PBXBuildFile; fileRef = 21ADD65A195A78340003FBE8 /* Exercise1ViewController.xib */; };
/* End PBXBuildFile section */

/* Begin PBXContainerItemProxy section */
		21ADD646195A78180003FBE8 /* PBXContainerItemProxy */ = {
			isa = PBXContainerItemProxy;
			containerPortal = 21ADD61E195A78180003FBE8 /* Project object */;
			proxyType = 1;
			remoteGlobalIDString = 21ADD625195A78180003FBE8;
			remoteInfo = Learning;
		};
/* End PBXContainerItemProxy section */

/* Begin PBXFileReference section */
		21ADD626195A78180003FBE8 /* Learning.app */ = {isa = PBXFileReference; explicitFileType = wrapper.application; includeInIndex = 0; path = Learning.app; sourceTree = BUILT_PRODUCTS_DIR; };
		21ADD629195A78180003FBE8 /* Foundation.framework */ = {isa = PBXFileReference; lastKnownFileType = wrapper.framework; name = Foundation.framework; path = System/Library/Frameworks/Foundation.framework; sourceTree = SDKROOT; };
		21ADD62B195A78180003FBE8 /* CoreGraphics.framework */ = {isa = PBXFileReference; lastKnownFileType = wrapper.framework; name = CoreGraphics.framework; path = System/Library/Frameworks/CoreGraphics.framework; sourceTree = SDKROOT; };
		21ADD62D195A78180003FBE8 /* UIKit.framework */ = {isa = PBXFileReference; lastKnownFileType = wrapper.framework; name = UIKit.framework; path = System/Library/Frameworks/UIKit.framework; sourceTree = SDKROOT; };
		21ADD631195A78180003FBE8 /* Learning-Info.plist */ = {isa = PBXFileReference; lastKnownFileType = text.plist.xml; path = "Learning-Info.plist"; sourceTree = "<group>"; };
		21ADD633195A78180003FBE8 /* en */ = {isa = PBXFileReference; lastKnownFileType = text.plist.strings; name = en; path = en.lproj/InfoPlist.strings; sourceTree = "<group>"; };
		21ADD635195A78180003FBE8 /* main.m */ = {isa = PBXFileReference; lastKnownFileType = sourcecode.c.objc; path = main.m; sourceTree = "<group>"; };
		21ADD637195A78180003FBE8 /* Learning-Prefix.pch */ = {isa = PBXFileReference; lastKnownFileType = sourcecode.c.h; path = "Learning-Prefix.pch"; sourceTree = "<group>"; };
		21ADD638195A78180003FBE8 /* testAppDelegate.h */ = {isa = PBXFileReference; lastKnownFileType = sourcecode.c.h; path = testAppDelegate.h; sourceTree = "<group>"; };
		21ADD639195A78180003FBE8 /* testAppDelegate.m */ = {isa = PBXFileReference; lastKnownFileType = sourcecode.c.objc; path = testAppDelegate.m; sourceTree = "<group>"; };
		21ADD63B195A78180003FBE8 /* Images.xcassets */ = {isa = PBXFileReference; lastKnownFileType = folder.assetcatalog; path = Images.xcassets; sourceTree = "<group>"; };
		21ADD641195A78180003FBE8 /* LearningTests.xctest */ = {isa = PBXFileReference; explicitFileType = wrapper.cfbundle; includeInIndex = 0; path = LearningTests.xctest; sourceTree = BUILT_PRODUCTS_DIR; };
		21ADD642195A78180003FBE8 /* XCTest.framework */ = {isa = PBXFileReference; lastKnownFileType = wrapper.framework; name = XCTest.framework; path = Library/Frameworks/XCTest.framework; sourceTree = DEVELOPER_DIR; };
		21ADD64A195A78180003FBE8 /* LearningTests-Info.plist */ = {isa = PBXFileReference; lastKnownFileType = text.plist.xml; path = "LearningTests-Info.plist"; sourceTree = "<group>"; };
		21ADD64C195A78180003FBE8 /* en */ = {isa = PBXFileReference; lastKnownFileType = text.plist.strings; name = en; path = en.lproj/InfoPlist.strings; sourceTree = "<group>"; };
		21ADD64E195A78180003FBE8 /* LearningTests.m */ = {isa = PBXFileReference; lastKnownFileType = sourcecode.c.objc; path = LearningTests.m; sourceTree = "<group>"; };
		21ADD658195A78340003FBE8 /* Exercise1ViewController.h */ = {isa = PBXFileReference; fileEncoding = 4; lastKnownFileType = sourcecode.c.h; path = Exercise1ViewController.h; sourceTree = "<group>"; };
		21ADD659195A78340003FBE8 /* Exercise1ViewController.m */ = {isa = PBXFileReference; fileEncoding = 4; lastKnownFileType = sourcecode.c.objc; path = Exercise1ViewController.m; sourceTree = "<group>"; };
		21ADD65A195A78340003FBE8 /* Exercise1ViewController.xib */ = {isa = PBXFileReference; fileEncoding = 4; lastKnownFileType = file.xib; path = Exercise1ViewController.xib; sourceTree = "<group>"; };
/* End PBXFileReference section */

/* Begin PBXFrameworksBuildPhase section */
		21ADD623195A78180003FBE8 /* Frameworks */ = {
			isa = PBXFrameworksBuildPhase;
			buildActionMask = 2147483647;
			files = (
				21ADD62C195A78180003FBE8 /* CoreGraphics.framework in Frameworks */,
				21ADD62E195A78180003FBE8 /* UIKit.framework in Frameworks */,
				21ADD62A195A78180003FBE8 /* Foundation.framework in Frameworks */,
			);
			runOnlyForDeploymentPostprocessing = 0;
		};
		21ADD63E195A78180003FBE8 /* Frameworks */ = {
			isa = PBXFrameworksBuildPhase;
			buildActionMask = 2147483647;
			files = (
				21ADD643195A78180003FBE8 /* XCTest.framework in Frameworks */,
				21ADD645195A78180003FBE8 /* UIKit.framework in Frameworks */,
				21ADD644195A78180003FBE8 /* Foundation.framework in Frameworks */,
			);
			runOnlyForDeploymentPostprocessing = 0;
		};
/* End PBXFrameworksBuildPhase section */

/* Begin PBXGroup section */
		21ADD61D195A78180003FBE8 = {
			isa = PBXGroup;
			children = (
				21ADD62F195A78180003FBE8 /* Learning */,
				21ADD648195A78180003FBE8 /* LearningTests */,
				21ADD628195A78180003FBE8 /* Frameworks */,
				21ADD627195A78180003FBE8 /* Products */,
			);
			sourceTree = "<group>";
		};
		21ADD627195A78180003FBE8 /* Products */ = {
			isa = PBXGroup;
			children = (
				21ADD626195A78180003FBE8 /* Learning.app */,
				21ADD641195A78180003FBE8 /* LearningTests.xctest */,
			);
			name = Products;
			sourceTree = "<group>";
		};
		21ADD628195A78180003FBE8 /* Frameworks */ = {
			isa = PBXGroup;
			children = (
				21ADD629195A78180003FBE8 /* Foundation.framework */,
				21ADD62B195A78180003FBE8 /* CoreGraphics.framework */,
				21ADD62D195A78180003FBE8 /* UIKit.framework */,
				21ADD642195A78180003FBE8 /* XCTest.framework */,
			);
			name = Frameworks;
			sourceTree = "<group>";
		};
		21ADD62F195A78180003FBE8 /* Learning */ = {
			isa = PBXGroup;
			children = (
				21ADD638195A78180003FBE8 /* testAppDelegate.h */,
				21ADD639195A78180003FBE8 /* testAppDelegate.m */,
				21ADD63B195A78180003FBE8 /* Images.xcassets */,
				21ADD630195A78180003FBE8 /* Supporting Files */,
				21ADD658195A78340003FBE8 /* Exercise1ViewController.h */,
				21ADD659195A78340003FBE8 /* Exercise1ViewController.m */,
				21ADD65A195A78340003FBE8 /* Exercise1ViewController.xib */,
			);
			path = Learning;
			sourceTree = "<group>";
		};
		21ADD630195A78180003FBE8 /* Supporting Files */ = {
			isa = PBXGroup;
			children = (
				21ADD631195A78180003FBE8 /* Learning-Info.plist */,
				21ADD632195A78180003FBE8 /* InfoPlist.strings */,
				21ADD635195A78180003FBE8 /* main.m */,
				21ADD637195A78180003FBE8 /* Learning-Prefix.pch */,
			);
			name = "Supporting Files";
			sourceTree = "<group>";
		};
		21ADD648195A78180003FBE8 /* LearningTests */ = {
			isa = PBXGroup;
			children = (
				21ADD64E195A78180003FBE8 /* LearningTests.m */,
				21ADD649195A78180003FBE8 /* Supporting Files */,
			);
			path = LearningTests;
			sourceTree = "<group>";
		};
		21ADD649195A78180003FBE8 /* Supporting Files */ = {
			isa = PBXGroup;
			children = (
				21ADD64A195A78180003FBE8 /* LearningTests-Info.plist */,
				21ADD64B195A78180003FBE8 /* InfoPlist.strings */,
			);
			name = "Supporting Files";
			sourceTree = "<group>";
		};
/* End PBXGroup section */

/* Begin PBXNativeTarget section */
		21ADD625195A78180003FBE8 /* Learning */ = {
			isa = PBXNativeTarget;
			buildConfigurationList = 21ADD652195A78180003FBE8 /* Build configuration list for PBXNativeTarget "Learning" */;
			buildPhases = (
				21ADD622195A78180003FBE8 /* Sources */,
				21ADD623195A78180003FBE8 /* Frameworks */,
				21ADD624195A78180003FBE8 /* Resources */,
			);
			buildRules = (
			);
			dependencies = (
			);
			name = Learning;
			productName = Learning;
			productReference = 21ADD626195A78180003FBE8 /* Learning.app */;
			productType = "com.apple.product-type.application";
		};
		21ADD640195A78180003FBE8 /* LearningTests */ = {
			isa = PBXNativeTarget;
			buildConfigurationList = 21ADD655195A78180003FBE8 /* Build configuration list for PBXNativeTarget "LearningTests" */;
			buildPhases = (
				21ADD63D195A78180003FBE8 /* Sources */,
				21ADD63E195A78180003FBE8 /* Frameworks */,
				21ADD63F195A78180003FBE8 /* Resources */,
			);
			buildRules = (
			);
			dependencies = (
				21ADD647195A78180003FBE8 /* PBXTargetDependency */,
			);
			name = LearningTests;
			productName = LearningTests;
			productReference = 21ADD641195A78180003FBE8 /* LearningTests.xctest */;
			productType = "com.apple.product-type.bundle.unit-test";
		};
/* End PBXNativeTarget section */

/* Begin PBXProject section */
		21ADD61E195A78180003FBE8 /* Project object */ = {
			isa = PBXProject;
			attributes = {
				CLASSPREFIX = test;
				LastUpgradeCheck = 0510;
				ORGANIZATIONNAME = lifetime;
				TargetAttributes = {
					21ADD640195A78180003FBE8 = {
						TestTargetID = 21ADD625195A78180003FBE8;
					};
				};
			};
			buildConfigurationList = 21ADD621195A78180003FBE8 /* Build configuration list for PBXProject "Learning" */;
			compatibilityVersion = "Xcode 3.2";
			developmentRegion = English;
			hasScannedForEncodings = 0;
			knownRegions = (
				en,
			);
			mainGroup = 21ADD61D195A78180003FBE8;
			productRefGroup = 21ADD627195A78180003FBE8 /* Products */;
			projectDirPath = "";
			projectRoot = "";
			targets = (
				21ADD625195A78180003FBE8 /* Learning */,
				21ADD640195A78180003FBE8 /* LearningTests */,
			);
		};
/* End PBXProject section */

/* Begin PBXResourcesBuildPhase section */
		21ADD624195A78180003FBE8 /* Resources */ = {
			isa = PBXResourcesBuildPhase;
			buildActionMask = 2147483647;
			files = (
				21ADD634195A78180003FBE8 /* InfoPlist.strings in Resources */,
				21ADD65C195A78340003FBE8 /* Exercise1ViewController.xib in Resources */,
				21ADD63C195A78180003FBE8 /* Images.xcassets in Resources */,
			);
			runOnlyForDeploymentPostprocessing = 0;
		};
		21ADD63F195A78180003FBE8 /* Resources */ = {
			isa = PBXResourcesBuildPhase;
			buildActionMask = 2147483647;
			files = (
				21ADD64D195A78180003FBE8 /* InfoPlist.strings in Resources */,
			);
			runOnlyForDeploymentPostprocessing = 0;
		};
/* End PBXResourcesBuildPhase section */

/* Begin PBXSourcesBuildPhase section */
		21ADD622195A78180003FBE8 /* Sources */ = {
			isa = PBXSourcesBuildPhase;
			buildActionMask = 2147483647;
			files = (
				21ADD65B195A78340003FBE8 /* Exercise1ViewController.m in Sources */,
				21ADD63A195A78180003FBE8 /* testAppDelegate.m in Sources */,
				21ADD636195A78180003FBE8 /* main.m in Sources */,
			);
			runOnlyForDeploymentPostprocessing = 0;
		};
		21ADD63D195A78180003FBE8 /* Sources */ = {
			isa = PBXSourcesBuildPhase;
			buildActionMask = 2147483647;
			files = (
				21ADD64F195A78180003FBE8 /* LearningTests.m in Sources */,
			);
			runOnlyForDeploymentPostprocessing = 0;
		};
/* End PBXSourcesBuildPhase section */

/* Begin PBXTargetDependency section */
		21ADD647195A78180003FBE8 /* PBXTargetDependency */ = {
			isa = PBXTargetDependency;
			target = 21ADD625195A78180003FBE8 /* Learning */;
			targetProxy = 21ADD646195A78180003FBE8 /* PBXContainerItemProxy */;
		};
/* End PBXTargetDependency section */

/* Begin PBXVariantGroup section */
		21ADD632195A78180003FBE8 /* InfoPlist.strings */ = {
			isa = PBXVariantGroup;
			children = (
				21ADD633195A78180003FBE8 /* en */,
			);
			name = InfoPlist.strings;
			sourceTree = "<group>";
		};
		21ADD64B195A78180003FBE8 /* InfoPlist.strings */ = {
			isa = PBXVariantGroup;
			children = (
				21ADD64C195A78180003FBE8 /* en */,
			);
			name = InfoPlist.strings;
			sourceTree = "<group>";
		};
/* End PBXVariantGroup section */

/* Begin XCBuildConfiguration section */
		21ADD650195A78180003FBE8 /* Debug */ = {
			isa = XCBuildConfiguration;
			buildSettings = {
				ALWAYS_SEARCH_USER_PATHS = NO;
				CLANG_CXX_LANGUAGE_STANDARD = "gnu++0x";
				CLANG_CXX_LIBRARY = "libc++";
				CLANG_ENABLE_MODULES = YES;
				CLANG_ENABLE_OBJC_ARC = YES;
				CLANG_WARN_BOOL_CONVERSION = YES;
				CLANG_WARN_CONSTANT_CONVERSION = YES;
				CLANG_WARN_DIRECT_OBJC_ISA_USAGE = YES_ERROR;
				CLANG_WARN_EMPTY_BODY = YES;
				CLANG_WARN_ENUM_CONVERSION = YES;
				CLANG_WARN_INT_CONVERSION = YES;
				CLANG_WARN_OBJC_ROOT_CLASS = YES_ERROR;
				CLANG_WARN__DUPLICATE_METHOD_MATCH = YES;
				"CODE_SIGN_IDENTITY[sdk=iphoneos*]" = "iPhone Developer";
				COPY_PHASE_STRIP = NO;
				GCC_C_LANGUAGE_STANDARD = gnu99;
				GCC_DYNAMIC_NO_PIC = NO;
				GCC_OPTIMIZATION_LEVEL = 0;
				GCC_PREPROCESSOR_DEFINITIONS = (
					"DEBUG=1",
					"$(inherited)",
				);
				GCC_SYMBOLS_PRIVATE_EXTERN = NO;
				GCC_WARN_64_TO_32_BIT_CONVERSION = YES;
				GCC_WARN_ABOUT_RETURN_TYPE = YES_ERROR;
				GCC_WARN_UNDECLARED_SELECTOR = YES;
				GCC_WARN_UNINITIALIZED_AUTOS = YES_AGGRESSIVE;
				GCC_WARN_UNUSED_FUNCTION = YES;
				GCC_WARN_UNUSED_VARIABLE = YES;
				IPHONEOS_DEPLOYMENT_TARGET = 7.1;
				ONLY_ACTIVE_ARCH = YES;
				SDKROOT = iphoneos;
			};
			name = Debug;
		};
		21ADD651195A78180003FBE8 /* Release */ = {
			isa = XCBuildConfiguration;
			buildSettings = {
				ALWAYS_SEARCH_USER_PATHS = NO;
				CLANG_CXX_LANGUAGE_STANDARD = "gnu++0x";
				CLANG_CXX_LIBRARY = "libc++";
				CLANG_ENABLE_MODULES = YES;
				CLANG_ENABLE_OBJC_ARC = YES;
				CLANG_WARN_BOOL_CONVERSION = YES;
				CLANG_WARN_CONSTANT_CONVERSION = YES;
				CLANG_WARN_DIRECT_OBJC_ISA_USAGE = YES_ERROR;
				CLANG_WARN_EMPTY_BODY = YES;
				CLANG_WARN_ENUM_CONVERSION = YES;
				CLANG_WARN_INT_CONVERSION = YES;
				CLANG_WARN_OBJC_ROOT_CLASS = YES_ERROR;
				CLANG_WARN__DUPLICATE_METHOD_MATCH = YES;
				"CODE_SIGN_IDENTITY[sdk=iphoneos*]" = "iPhone Developer";
				COPY_PHASE_STRIP = YES;
				ENABLE_NS_ASSERTIONS = NO;
				GCC_C_LANGUAGE_STANDARD = gnu99;
				GCC_WARN_64_TO_32_BIT_CONVERSION = YES;
				GCC_WARN_ABOUT_RETURN_TYPE = YES_ERROR;
				GCC_WARN_UNDECLARED_SELECTOR = YES;
				GCC_WARN_UNINITIALIZED_AUTOS = YES_AGGRESSIVE;
				GCC_WARN_UNUSED_FUNCTION = YES;
				GCC_WARN_UNUSED_VARIABLE = YES;
				IPHONEOS_DEPLOYMENT_TARGET = 7.1;
				SDKROOT = iphoneos;
				VALIDATE_PRODUCT = YES;
			};
			name = Release;
		};
		21ADD653195A78180003FBE8 /* Debug */ = {
			isa = XCBuildConfiguration;
			buildSettings = {
				ASSETCATALOG_COMPILER_APPICON_NAME = AppIcon;
				ASSETCATALOG_COMPILER_LAUNCHIMAGE_NAME = LaunchImage;
				GCC_PRECOMPILE_PREFIX_HEADER = YES;
				GCC_PREFIX_HEADER = "Learning/Learning-Prefix.pch";
				INFOPLIST_FILE = "Learning/Learning-Info.plist";
				PRODUCT_NAME = "$(TARGET_NAME)";
				WRAPPER_EXTENSION = app;
			};
			name = Debug;
		};
		21ADD654195A78180003FBE8 /* Release */ = {
			isa = XCBuildConfiguration;
			buildSettings = {
				ASSETCATALOG_COMPILER_APPICON_NAME = AppIcon;
				ASSETCATALOG_COMPILER_LAUNCHIMAGE_NAME = LaunchImage;
				GCC_PRECOMPILE_PREFIX_HEADER = YES;
				GCC_PREFIX_HEADER = "Learning/Learning-Prefix.pch";
				INFOPLIST_FILE = "Learning/Learning-Info.plist";
				PRODUCT_NAME = "$(TARGET_NAME)";
				WRAPPER_EXTENSION = app;
			};
			name = Release;
		};
		21ADD656195A78180003FBE8 /* Debug */ = {
			isa = XCBuildConfiguration;
			buildSettings = {
				BUNDLE_LOADER = "$(BUILT_PRODUCTS_DIR)/Learning.app/Learning";
				FRAMEWORK_SEARCH_PATHS = (
					"$(SDKROOT)/Developer/Library/Frameworks",
					"$(inherited)",
					"$(DEVELOPER_FRAMEWORKS_DIR)",
				);
				GCC_PRECOMPILE_PREFIX_HEADER = YES;
				GCC_PREFIX_HEADER = "Learning/Learning-Prefix.pch";
				GCC_PREPROCESSOR_DEFINITIONS = (
					"DEBUG=1",
					"$(inherited)",
				);
				INFOPLIST_FILE = "LearningTests/LearningTests-Info.plist";
				PRODUCT_NAME = "$(TARGET_NAME)";
				TEST_HOST = "$(BUNDLE_LOADER)";
				WRAPPER_EXTENSION = xctest;
			};
			name = Debug;
		};
		21ADD657195A78180003FBE8 /* Release */ = {
			isa = XCBuildConfiguration;
			buildSettings = {
				BUNDLE_LOADER = "$(BUILT_PRODUCTS_DIR)/Learning.app/Learning";
				FRAMEWORK_SEARCH_PATHS = (
					"$(SDKROOT)/Developer/Library/Frameworks",
					"$(inherited)",
					"$(DEVELOPER_FRAMEWORKS_DIR)",
				);
				GCC_PRECOMPILE_PREFIX_HEADER = YES;
				GCC_PREFIX_HEADER = "Learning/Learning-Prefix.pch";
				INFOPLIST_FILE = "LearningTests/LearningTests-Info.plist";
				PRODUCT_NAME = "$(TARGET_NAME)";
				TEST_HOST = "$(BUNDLE_LOADER)";
				WRAPPER_EXTENSION = xctest;
			};
			name = Release;
		};
/* End XCBuildConfiguration section */

/* Begin XCConfigurationList section */
		21ADD621195A78180003FBE8 /* Build configuration list for PBXProject "Learning" */ = {
			isa = XCConfigurationList;
			buildConfigurations = (
				21ADD650195A78180003FBE8 /* Debug */,
				21ADD651195A78180003FBE8 /* Release */,
			);
			defaultConfigurationIsVisible = 0;
			defaultConfigurationName = Release;
		};
		21ADD652195A78180003FBE8 /* Build configuration list for PBXNativeTarget "Learning" */ = {
			isa = XCConfigurationList;
			buildConfigurations = (
				21ADD653195A78180003FBE8 /* Debug */,
				21ADD654195A78180003FBE8 /* Release */,
			);
			defaultConfigurationIsVisible = 0;
		};
		21ADD655195A78180003FBE8 /* Build configuration list for PBXNativeTarget "LearningTests" */ = {
			isa = XCConfigurationList;
			buildConfigurations = (
				21ADD656195A78180003FBE8 /* Debug */,
				21ADD657195A78180003FBE8 /* Release */,
			);
			defaultConfigurationIsVisible = 0;
		};
/* End XCConfigurationList section */
	};
	rootObject = 21ADD61E195A78180003FBE8 /* Project object */;
}
